
Microsoft Visual Studio Solution File, Format Version 12.00
# Visual Studio 15
VisualStudioVersion = 15.0.27130.2036
MinimumVisualStudioVersion = 10.0.40219.1
Project("{9A19103F-16F7-4668-BE54-9A1E7A4F7556}") = "nfc.Api", "nfc.Api\nfc.Api.csproj", "{CF319CDD-CAEE-406E-9411-515D02DBCEF3}"
EndProject
Project("{9A19103F-16F7-4668-BE54-9A1E7A4F7556}") = "nfc.Rep", "nfc.Lib\nfc.Rep.csproj", "{801CA6BB-AC07-45C6-B0A5-BCB7AC561321}"
EndProject
Global
	GlobalSection(SolutionConfigurationPlatforms) = preSolution
		Debug|Any CPU = Debug|Any CPU
		Release|Any CPU = Release|Any CPU
	EndGlobalSection
	GlobalSection(ProjectConfigurationPlatforms) = postSolution
		{CF319CDD-CAEE-406E-9411-515D02DBCEF3}.Debug|Any CPU.ActiveCfg = Debug|Any CPU
		{CF319CDD-CAEE-406E-9411-515D02DBCEF3}.Debug|Any CPU.Build.0 = Debug|Any CPU
		{CF319CDD-CAEE-406E-9411-515D02DBCEF3}.Release|Any CPU.ActiveCfg = Release|Any CPU
		{CF319CDD-CAEE-406E-9411-515D02DBCEF3}.Release|Any CPU.Build.0 = Release|Any CPU
		{801CA6BB-AC07-45C6-B0A5-BCB7AC561321}.Debug|Any CPU.ActiveCfg = Debug|Any CPU
		{801CA6BB-AC07-45C6-B0A5-BCB7AC561321}.Debug|Any CPU.Build.0 = Debug|Any CPU
		{801CA6BB-AC07-45C6-B0A5-BCB7AC561321}.Release|Any CPU.ActiveCfg = Release|Any CPU
		{801CA6BB-AC07-45C6-B0A5-BCB7AC561321}.Release|Any CPU.Build.0 = Release|Any CPU
	EndGlobalSection
	GlobalSection(SolutionProperties) = preSolution
		HideSolutionNode = FALSE
	EndGlobalSection
	GlobalSection(ExtensibilityGlobals) = postSolution
		SolutionGuid = {CEF571FB-89BA-4443-AA28-89802842AC1E}
	EndGlobalSection
EndGlobal
